
Microsoft Visual Studio Solution File, Format Version 12.00
# Visual Studio Version 17
VisualStudioVersion = 17.14.36109.1 d17.14
MinimumVisualStudioVersion = 10.0.40219.1
Project("{FAE04EC0-301F-11D3-BF4B-00C04F79EFBC}") = "MyFirstUnitTest", "MyFirstUnitTest\MyFirstUnitTest.csproj", "{AD6D8957-808E-4CA8-9640-FACC8256B03A}"
EndProject
Project("{FAE04EC0-301F-11D3-BF4B-00C04F79EFBC}") = "MyFirstUnitTest.Tests", "MyFirstUnitTest.Tests\MyFirstUnitTest.Tests.csproj", "{C1CC8096-AF22-4400-8105-EBF1BD493A76}"
EndProject
Global
	GlobalSection(SolutionConfigurationPlatforms) = preSolution
		Debug|Any CPU = Debug|Any CPU
		Release|Any CPU = Release|Any CPU
	EndGlobalSection
	GlobalSection(ProjectConfigurationPlatforms) = postSolution
		{AD6D8957-808E-4CA8-9640-FACC8256B03A}.Debug|Any CPU.ActiveCfg = Debug|Any CPU
		{AD6D8957-808E-4CA8-9640-FACC8256B03A}.Debug|Any CPU.Build.0 = Debug|Any CPU
		{AD6D8957-808E-4CA8-9640-FACC8256B03A}.Release|Any CPU.ActiveCfg = Release|Any CPU
		{AD6D8957-808E-4CA8-9640-FACC8256B03A}.Release|Any CPU.Build.0 = Release|Any CPU
		{C1CC8096-AF22-4400-8105-EBF1BD493A76}.Debug|Any CPU.ActiveCfg = Debug|Any CPU
		{C1CC8096-AF22-4400-8105-EBF1BD493A76}.Debug|Any CPU.Build.0 = Debug|Any CPU
		{C1CC8096-AF22-4400-8105-EBF1BD493A76}.Release|Any CPU.ActiveCfg = Release|Any CPU
		{C1CC8096-AF22-4400-8105-EBF1BD493A76}.Release|Any CPU.Build.0 = Release|Any CPU
	EndGlobalSection
	GlobalSection(SolutionProperties) = preSolution
		HideSolutionNode = FALSE
	EndGlobalSection
	GlobalSection(ExtensibilityGlobals) = postSolution
		SolutionGuid = {F2D6B7B7-550C-464F-ACB1-E7B794ED22DB}
	EndGlobalSection
EndGlobal
